
Microsoft Visual Studio Solution File, Format Version 12.00
# Visual Studio 15
VisualStudioVersion = 15.0.27130.2036
MinimumVisualStudioVersion = 10.0.40219.1
Project("{FAE04EC0-301F-11D3-BF4B-00C04F79EFBC}") = "GolfingStats.Android", "GolfingStats\GolfingStats.Android\GolfingStats.Android.csproj", "{20062605-67D1-4593-84CF-7B0276F78377}"
EndProject
Project("{FAE04EC0-301F-11D3-BF4B-00C04F79EFBC}") = "GolfingStats.iOS", "GolfingStats\GolfingStats.iOS\GolfingStats.iOS.csproj", "{EFE26ECF-7FE6-4045-9BF6-275BAA953279}"
EndProject
Project("{FAE04EC0-301F-11D3-BF4B-00C04F79EFBC}") = "GolfingStats.UWP", "GolfingStats\GolfingStats.UWP\GolfingStats.UWP.csproj", "{F21443B5-9802-4E2C-8290-BAE3F3CDA39D}"
EndProject
Project("{FAE04EC0-301F-11D3-BF4B-00C04F79EFBC}") = "GolfingStats", "GolfingStats\GolfingStats\GolfingStats.csproj", "{D6EE03E1-7681-4D38-8034-0ED248DF76AC}"
EndProject
Global
	GlobalSection(SolutionConfigurationPlatforms) = preSolution
		Ad-Hoc|Any CPU = Ad-Hoc|Any CPU
		Ad-Hoc|ARM = Ad-Hoc|ARM
		Ad-Hoc|iPhone = Ad-Hoc|iPhone
		Ad-Hoc|iPhoneSimulator = Ad-Hoc|iPhoneSimulator
		Ad-Hoc|x64 = Ad-Hoc|x64
		Ad-Hoc|x86 = Ad-Hoc|x86
		AppStore|Any CPU = AppStore|Any CPU
		AppStore|ARM = AppStore|ARM
		AppStore|iPhone = AppStore|iPhone
		AppStore|iPhoneSimulator = AppStore|iPhoneSimulator
		AppStore|x64 = AppStore|x64
		AppStore|x86 = AppStore|x86
		Debug|Any CPU = Debug|Any CPU
		Debug|ARM = Debug|ARM
		Debug|iPhone = Debug|iPhone
		Debug|iPhoneSimulator = Debug|iPhoneSimulator
		Debug|x64 = Debug|x64
		Debug|x86 = Debug|x86
		Release|Any CPU = Release|Any CPU
		Release|ARM = Release|ARM
		Release|iPhone = Release|iPhone
		Release|iPhoneSimulator = Release|iPhoneSimulator
		Release|x64 = Release|x64
		Release|x86 = Release|x86
	EndGlobalSection
	GlobalSection(ProjectConfigurationPlatforms) = postSolution
		{20062605-67D1-4593-84CF-7B0276F78377}.Ad-Hoc|Any CPU.ActiveCfg = Release|Any CPU
		{20062605-67D1-4593-84CF-7B0276F78377}.Ad-Hoc|Any CPU.Build.0 = Release|Any CPU
		{20062605-67D1-4593-84CF-7B0276F78377}.Ad-Hoc|Any CPU.Deploy.0 = Release|Any CPU
		{20062605-67D1-4593-84CF-7B0276F78377}.Ad-Hoc|ARM.ActiveCfg = Release|Any CPU
		{20062605-67D1-4593-84CF-7B0276F78377}.Ad-Hoc|ARM.Build.0 = Release|Any CPU
		{20062605-67D1-4593-84CF-7B0276F78377}.Ad-Hoc|ARM.Deploy.0 = Release|Any CPU
		{20062605-67D1-4593-84CF-7B0276F78377}.Ad-Hoc|iPhone.ActiveCfg = Release|Any CPU
		{20062605-67D1-4593-84CF-7B0276F78377}.Ad-Hoc|iPhone.Build.0 = Release|Any CPU
		{20062605-67D1-4593-84CF-7B0276F78377}.Ad-Hoc|iPhone.Deploy.0 = Release|Any CPU
		{20062605-67D1-4593-84CF-7B0276F78377}.Ad-Hoc|iPhoneSimulator.ActiveCfg = Release|Any CPU
		{20062605-67D1-4593-84CF-7B0276F78377}.Ad-Hoc|iPhoneSimulator.Build.0 = Release|Any CPU
		{20062605-67D1-4593-84CF-7B0276F78377}.Ad-Hoc|iPhoneSimulator.Deploy.0 = Release|Any CPU
		{20062605-67D1-4593-84CF-7B0276F78377}.Ad-Hoc|x64.ActiveCfg = Release|Any CPU
		{20062605-67D1-4593-84CF-7B0276F78377}.Ad-Hoc|x64.Build.0 = Release|Any CPU
		{20062605-67D1-4593-84CF-7B0276F78377}.Ad-Hoc|x64.Deploy.0 = Release|Any CPU
		{20062605-67D1-4593-84CF-7B0276F78377}.Ad-Hoc|x86.ActiveCfg = Release|Any CPU
		{20062605-67D1-4593-84CF-7B0276F78377}.Ad-Hoc|x86.Build.0 = Release|Any CPU
		{20062605-67D1-4593-84CF-7B0276F78377}.Ad-Hoc|x86.Deploy.0 = Release|Any CPU
		{20062605-67D1-4593-84CF-7B0276F78377}.AppStore|Any CPU.ActiveCfg = Release|Any CPU
		{20062605-67D1-4593-84CF-7B0276F78377}.AppStore|Any CPU.Deploy.0 = Release|Any CPU
		{20062605-67D1-4593-84CF-7B0276F78377}.AppStore|ARM.ActiveCfg = Release|Any CPU
		{20062605-67D1-4593-84CF-7B0276F78377}.AppStore|ARM.Build.0 = Release|Any CPU
		{20062605-67D1-4593-84CF-7B0276F78377}.AppStore|ARM.Deploy.0 = Release|Any CPU
		{20062605-67D1-4593-84CF-7B0276F78377}.AppStore|iPhone.ActiveCfg = Release|Any CPU
		{20062605-67D1-4593-84CF-7B0276F78377}.AppStore|iPhone.Deploy.0 = Release|Any CPU
		{20062605-67D1-4593-84CF-7B0276F78377}.AppStore|iPhoneSimulator.ActiveCfg = Release|Any CPU
		{20062605-67D1-4593-84CF-7B0276F78377}.AppStore|iPhoneSimulator.Build.0 = Release|Any CPU
		{20062605-67D1-4593-84CF-7B0276F78377}.AppStore|iPhoneSimulator.Deploy.0 = Release|Any CPU
		{20062605-67D1-4593-84CF-7B0276F78377}.AppStore|x64.ActiveCfg = Release|Any CPU
		{20062605-67D1-4593-84CF-7B0276F78377}.AppStore|x64.Build.0 = Release|Any CPU
		{20062605-67D1-4593-84CF-7B0276F78377}.AppStore|x64.Deploy.0 = Release|Any CPU
		{20062605-67D1-4593-84CF-7B0276F78377}.AppStore|x86.ActiveCfg = Release|Any CPU
		{20062605-67D1-4593-84CF-7B0276F78377}.AppStore|x86.Build.0 = Release|Any CPU
		{20062605-67D1-4593-84CF-7B0276F78377}.AppStore|x86.Deploy.0 = Release|Any CPU
		{20062605-67D1-4593-84CF-7B0276F78377}.Debug|Any CPU.ActiveCfg = Debug|Any CPU
		{20062605-67D1-4593-84CF-7B0276F78377}.Debug|Any CPU.Deploy.0 = Debug|Any CPU
		{20062605-67D1-4593-84CF-7B0276F78377}.Debug|ARM.ActiveCfg = Debug|Any CPU
		{20062605-67D1-4593-84CF-7B0276F78377}.Debug|ARM.Build.0 = Debug|Any CPU
		{20062605-67D1-4593-84CF-7B0276F78377}.Debug|ARM.Deploy.0 = Debug|Any CPU
		{20062605-67D1-4593-84CF-7B0276F78377}.Debug|iPhone.ActiveCfg = Debug|Any CPU
		{20062605-67D1-4593-84CF-7B0276F78377}.Debug|iPhone.Build.0 = Debug|Any CPU
		{20062605-67D1-4593-84CF-7B0276F78377}.Debug|iPhone.Deploy.0 = Debug|Any CPU
		{20062605-67D1-4593-84CF-7B0276F78377}.Debug|iPhoneSimulator.ActiveCfg = Debug|Any CPU
		{20062605-67D1-4593-84CF-7B0276F78377}.Debug|iPhoneSimulator.Build.0 = Debug|Any CPU
		{20062605-67D1-4593-84CF-7B0276F78377}.Debug|iPhoneSimulator.Deploy.0 = Debug|Any CPU
		{20062605-67D1-4593-84CF-7B0276F78377}.Debug|x64.ActiveCfg = Debug|Any CPU
		{20062605-67D1-4593-84CF-7B0276F78377}.Debug|x64.Build.0 = Debug|Any CPU
		{20062605-67D1-4593-84CF-7B0276F78377}.Debug|x64.Deploy.0 = Debug|Any CPU
		{20062605-67D1-4593-84CF-7B0276F78377}.Debug|x86.ActiveCfg = Debug|Any CPU
		{20062605-67D1-4593-84CF-7B0276F78377}.Debug|x86.Build.0 = Debug|Any CPU
		{20062605-67D1-4593-84CF-7B0276F78377}.Debug|x86.Deploy.0 = Debug|Any CPU
		{20062605-67D1-4593-84CF-7B0276F78377}.Release|Any CPU.ActiveCfg = Release|Any CPU
		{20062605-67D1-4593-84CF-7B0276F78377}.Release|Any CPU.Build.0 = Release|Any CPU
		{20062605-67D1-4593-84CF-7B0276F78377}.Release|Any CPU.Deploy.0 = Release|Any CPU
		{20062605-67D1-4593-84CF-7B0276F78377}.Release|ARM.ActiveCfg = Release|Any CPU
		{20062605-67D1-4593-84CF-7B0276F78377}.Release|ARM.Build.0 = Release|Any CPU
		{20062605-67D1-4593-84CF-7B0276F78377}.Release|ARM.Deploy.0 = Release|Any CPU
		{20062605-67D1-4593-84CF-7B0276F78377}.Release|iPhone.ActiveCfg = Release|Any CPU
		{20062605-67D1-4593-84CF-7B0276F78377}.Release|iPhone.Build.0 = Release|Any CPU
		{20062605-67D1-4593-84CF-7B0276F78377}.Release|iPhone.Deploy.0 = Release|Any CPU
		{20062605-67D1-4593-84CF-7B0276F78377}.Release|iPhoneSimulator.ActiveCfg = Release|Any CPU
		{20062605-67D1-4593-84CF-7B0276F78377}.Release|iPhoneSimulator.Build.0 = Release|Any CPU
		{20062605-67D1-4593-84CF-7B0276F78377}.Release|iPhoneSimulator.Deploy.0 = Release|Any CPU
		{20062605-67D1-4593-84CF-7B0276F78377}.Release|x64.ActiveCfg = Release|Any CPU
		{20062605-67D1-4593-84CF-7B0276F78377}.Release|x64.Build.0 = Release|Any CPU
		{20062605-67D1-4593-84CF-7B0276F78377}.Release|x64.Deploy.0 = Release|Any CPU
		{20062605-67D1-4593-84CF-7B0276F78377}.Release|x86.ActiveCfg = Release|Any CPU
		{20062605-67D1-4593-84CF-7B0276F78377}.Release|x86.Build.0 = Release|Any CPU
		{20062605-67D1-4593-84CF-7B0276F78377}.Release|x86.Deploy.0 = Release|Any CPU
		{EFE26ECF-7FE6-4045-9BF6-275BAA953279}.Ad-Hoc|Any CPU.ActiveCfg = Ad-Hoc|iPhone
		{EFE26ECF-7FE6-4045-9BF6-275BAA953279}.Ad-Hoc|ARM.ActiveCfg = Ad-Hoc|iPhone
		{EFE26ECF-7FE6-4045-9BF6-275BAA953279}.Ad-Hoc|iPhone.ActiveCfg = Ad-Hoc|iPhone
		{EFE26ECF-7FE6-4045-9BF6-275BAA953279}.Ad-Hoc|iPhone.Build.0 = Ad-Hoc|iPhone
		{EFE26ECF-7FE6-4045-9BF6-275BAA953279}.Ad-Hoc|iPhoneSimulator.ActiveCfg = Ad-Hoc|iPhoneSimulator
		{EFE26ECF-7FE6-4045-9BF6-275BAA953279}.Ad-Hoc|iPhoneSimulator.Build.0 = Ad-Hoc|iPhoneSimulator
		{EFE26ECF-7FE6-4045-9BF6-275BAA953279}.Ad-Hoc|x64.ActiveCfg = Ad-Hoc|iPhone
		{EFE26ECF-7FE6-4045-9BF6-275BAA953279}.Ad-Hoc|x86.ActiveCfg = Ad-Hoc|iPhone
		{EFE26ECF-7FE6-4045-9BF6-275BAA953279}.AppStore|Any CPU.ActiveCfg = AppStore|iPhone
		{EFE26ECF-7FE6-4045-9BF6-275BAA953279}.AppStore|ARM.ActiveCfg = AppStore|iPhone
		{EFE26ECF-7FE6-4045-9BF6-275BAA953279}.AppStore|iPhone.ActiveCfg = AppStore|iPhone
		{EFE26ECF-7FE6-4045-9BF6-275BAA953279}.AppStore|iPhone.Build.0 = AppStore|iPhone
		{EFE26ECF-7FE6-4045-9BF6-275BAA953279}.AppStore|iPhoneSimulator.ActiveCfg = AppStore|iPhoneSimulator
		{EFE26ECF-7FE6-4045-9BF6-275BAA953279}.AppStore|iPhoneSimulator.Build.0 = AppStore|iPhoneSimulator
		{EFE26ECF-7FE6-4045-9BF6-275BAA953279}.AppStore|x64.ActiveCfg = AppStore|iPhone
		{EFE26ECF-7FE6-4045-9BF6-275BAA953279}.AppStore|x86.ActiveCfg = AppStore|iPhone
		{EFE26ECF-7FE6-4045-9BF6-275BAA953279}.Debug|Any CPU.ActiveCfg = Debug|iPhone
		{EFE26ECF-7FE6-4045-9BF6-275BAA953279}.Debug|ARM.ActiveCfg = Debug|iPhone
		{EFE26ECF-7FE6-4045-9BF6-275BAA953279}.Debug|iPhone.ActiveCfg = Debug|iPhone
		{EFE26ECF-7FE6-4045-9BF6-275BAA953279}.Debug|iPhone.Build.0 = Debug|iPhone
		{EFE26ECF-7FE6-4045-9BF6-275BAA953279}.Debug|iPhoneSimulator.ActiveCfg = Debug|iPhoneSimulator
		{EFE26ECF-7FE6-4045-9BF6-275BAA953279}.Debug|iPhoneSimulator.Build.0 = Debug|iPhoneSimulator
		{EFE26ECF-7FE6-4045-9BF6-275BAA953279}.Debug|x64.ActiveCfg = Debug|iPhone
		{EFE26ECF-7FE6-4045-9BF6-275BAA953279}.Debug|x86.ActiveCfg = Debug|iPhone
		{EFE26ECF-7FE6-4045-9BF6-275BAA953279}.Release|Any CPU.ActiveCfg = Release|iPhone
		{EFE26ECF-7FE6-4045-9BF6-275BAA953279}.Release|ARM.ActiveCfg = Release|iPhone
		{EFE26ECF-7FE6-4045-9BF6-275BAA953279}.Release|iPhone.ActiveCfg = Release|iPhone
		{EFE26ECF-7FE6-4045-9BF6-275BAA953279}.Release|iPhone.Build.0 = Release|iPhone
		{EFE26ECF-7FE6-4045-9BF6-275BAA953279}.Release|iPhoneSimulator.ActiveCfg = Release|iPhoneSimulator
		{EFE26ECF-7FE6-4045-9BF6-275BAA953279}.Release|iPhoneSimulator.Build.0 = Release|iPhoneSimulator
		{EFE26ECF-7FE6-4045-9BF6-275BAA953279}.Release|x64.ActiveCfg = Release|iPhone
		{EFE26ECF-7FE6-4045-9BF6-275BAA953279}.Release|x86.ActiveCfg = Release|iPhone
		{EFE26ECF-7FE6-4045-9BF6-275BAA953279}.Debug|Any CPU.Build.0 = Debug|iPhone
		{EFE26ECF-7FE6-4045-9BF6-275BAA953279}.AppStore|Any CPU.Build.0 = AppStore|iPhone
		{F21443B5-9802-4E2C-8290-BAE3F3CDA39D}.Ad-Hoc|Any CPU.ActiveCfg = Release|x86
		{F21443B5-9802-4E2C-8290-BAE3F3CDA39D}.Ad-Hoc|Any CPU.Build.0 = Release|x86
		{F21443B5-9802-4E2C-8290-BAE3F3CDA39D}.Ad-Hoc|Any CPU.Deploy.0 = Release|x86
		{F21443B5-9802-4E2C-8290-BAE3F3CDA39D}.Ad-Hoc|ARM.ActiveCfg = Release|ARM
		{F21443B5-9802-4E2C-8290-BAE3F3CDA39D}.Ad-Hoc|ARM.Build.0 = Release|ARM
		{F21443B5-9802-4E2C-8290-BAE3F3CDA39D}.Ad-Hoc|ARM.Deploy.0 = Release|ARM
		{F21443B5-9802-4E2C-8290-BAE3F3CDA39D}.Ad-Hoc|iPhone.ActiveCfg = Release|x86
		{F21443B5-9802-4E2C-8290-BAE3F3CDA39D}.Ad-Hoc|iPhone.Build.0 = Release|x86
		{F21443B5-9802-4E2C-8290-BAE3F3CDA39D}.Ad-Hoc|iPhone.Deploy.0 = Release|x86
		{F21443B5-9802-4E2C-8290-BAE3F3CDA39D}.Ad-Hoc|iPhoneSimulator.ActiveCfg = Release|x86
		{F21443B5-9802-4E2C-8290-BAE3F3CDA39D}.Ad-Hoc|iPhoneSimulator.Build.0 = Release|x86
		{F21443B5-9802-4E2C-8290-BAE3F3CDA39D}.Ad-Hoc|iPhoneSimulator.Deploy.0 = Release|x86
		{F21443B5-9802-4E2C-8290-BAE3F3CDA39D}.Ad-Hoc|x64.ActiveCfg = Release|x64
		{F21443B5-9802-4E2C-8290-BAE3F3CDA39D}.Ad-Hoc|x64.Build.0 = Release|x64
		{F21443B5-9802-4E2C-8290-BAE3F3CDA39D}.Ad-Hoc|x64.Deploy.0 = Release|x64
		{F21443B5-9802-4E2C-8290-BAE3F3CDA39D}.Ad-Hoc|x86.ActiveCfg = Release|x86
		{F21443B5-9802-4E2C-8290-BAE3F3CDA39D}.Ad-Hoc|x86.Build.0 = Release|x86
		{F21443B5-9802-4E2C-8290-BAE3F3CDA39D}.Ad-Hoc|x86.Deploy.0 = Release|x86
		{F21443B5-9802-4E2C-8290-BAE3F3CDA39D}.AppStore|Any CPU.ActiveCfg = Release|x86
		{F21443B5-9802-4E2C-8290-BAE3F3CDA39D}.AppStore|ARM.ActiveCfg = Release|ARM
		{F21443B5-9802-4E2C-8290-BAE3F3CDA39D}.AppStore|ARM.Build.0 = Release|ARM
		{F21443B5-9802-4E2C-8290-BAE3F3CDA39D}.AppStore|ARM.Deploy.0 = Release|ARM
		{F21443B5-9802-4E2C-8290-BAE3F3CDA39D}.AppStore|iPhone.ActiveCfg = Release|x86
		{F21443B5-9802-4E2C-8290-BAE3F3CDA39D}.AppStore|iPhone.Build.0 = Release|x86
		{F21443B5-9802-4E2C-8290-BAE3F3CDA39D}.AppStore|iPhone.Deploy.0 = Release|x86
		{F21443B5-9802-4E2C-8290-BAE3F3CDA39D}.AppStore|iPhoneSimulator.ActiveCfg = Release|x86
		{F21443B5-9802-4E2C-8290-BAE3F3CDA39D}.AppStore|iPhoneSimulator.Build.0 = Release|x86
		{F21443B5-9802-4E2C-8290-BAE3F3CDA39D}.AppStore|iPhoneSimulator.Deploy.0 = Release|x86
		{F21443B5-9802-4E2C-8290-BAE3F3CDA39D}.AppStore|x64.ActiveCfg = Release|x64
		{F21443B5-9802-4E2C-8290-BAE3F3CDA39D}.AppStore|x64.Build.0 = Release|x64
		{F21443B5-9802-4E2C-8290-BAE3F3CDA39D}.AppStore|x64.Deploy.0 = Release|x64
		{F21443B5-9802-4E2C-8290-BAE3F3CDA39D}.AppStore|x86.ActiveCfg = Release|x86
		{F21443B5-9802-4E2C-8290-BAE3F3CDA39D}.AppStore|x86.Build.0 = Release|x86
		{F21443B5-9802-4E2C-8290-BAE3F3CDA39D}.AppStore|x86.Deploy.0 = Release|x86
		{F21443B5-9802-4E2C-8290-BAE3F3CDA39D}.Debug|Any CPU.ActiveCfg = Debug|x86
		{F21443B5-9802-4E2C-8290-BAE3F3CDA39D}.Debug|ARM.ActiveCfg = Debug|ARM
		{F21443B5-9802-4E2C-8290-BAE3F3CDA39D}.Debug|ARM.Build.0 = Debug|ARM
		{F21443B5-9802-4E2C-8290-BAE3F3CDA39D}.Debug|ARM.Deploy.0 = Debug|ARM
		{F21443B5-9802-4E2C-8290-BAE3F3CDA39D}.Debug|iPhone.ActiveCfg = Debug|x86
		{F21443B5-9802-4E2C-8290-BAE3F3CDA39D}.Debug|iPhoneSimulator.ActiveCfg = Debug|x86
		{F21443B5-9802-4E2C-8290-BAE3F3CDA39D}.Debug|x64.ActiveCfg = Debug|x64
		{F21443B5-9802-4E2C-8290-BAE3F3CDA39D}.Debug|x64.Build.0 = Debug|x64
		{F21443B5-9802-4E2C-8290-BAE3F3CDA39D}.Debug|x64.Deploy.0 = Debug|x64
		{F21443B5-9802-4E2C-8290-BAE3F3CDA39D}.Debug|x86.ActiveCfg = Debug|x86
		{F21443B5-9802-4E2C-8290-BAE3F3CDA39D}.Debug|x86.Build.0 = Debug|x86
		{F21443B5-9802-4E2C-8290-BAE3F3CDA39D}.Debug|x86.Deploy.0 = Debug|x86
		{F21443B5-9802-4E2C-8290-BAE3F3CDA39D}.Release|Any CPU.ActiveCfg = Release|x86
		{F21443B5-9802-4E2C-8290-BAE3F3CDA39D}.Release|ARM.ActiveCfg = Release|ARM
		{F21443B5-9802-4E2C-8290-BAE3F3CDA39D}.Release|ARM.Build.0 = Release|ARM
		{F21443B5-9802-4E2C-8290-BAE3F3CDA39D}.Release|ARM.Deploy.0 = Release|ARM
		{F21443B5-9802-4E2C-8290-BAE3F3CDA39D}.Release|iPhone.ActiveCfg = Release|x86
		{F21443B5-9802-4E2C-8290-BAE3F3CDA39D}.Release|iPhoneSimulator.ActiveCfg = Release|x86
		{F21443B5-9802-4E2C-8290-BAE3F3CDA39D}.Release|x64.ActiveCfg = Release|x64
		{F21443B5-9802-4E2C-8290-BAE3F3CDA39D}.Release|x64.Build.0 = Release|x64
		{F21443B5-9802-4E2C-8290-BAE3F3CDA39D}.Release|x64.Deploy.0 = Release|x64
		{F21443B5-9802-4E2C-8290-BAE3F3CDA39D}.Release|x86.ActiveCfg = Release|x86
		{F21443B5-9802-4E2C-8290-BAE3F3CDA39D}.Release|x86.Build.0 = Release|x86
		{F21443B5-9802-4E2C-8290-BAE3F3CDA39D}.Release|x86.Deploy.0 = Release|x86
		{D6EE03E1-7681-4D38-8034-0ED248DF76AC}.Ad-Hoc|Any CPU.ActiveCfg = Debug|Any CPU
		{D6EE03E1-7681-4D38-8034-0ED248DF76AC}.Ad-Hoc|Any CPU.Build.0 = Debug|Any CPU
		{D6EE03E1-7681-4D38-8034-0ED248DF76AC}.Ad-Hoc|ARM.ActiveCfg = Debug|Any CPU
		{D6EE03E1-7681-4D38-8034-0ED248DF76AC}.Ad-Hoc|ARM.Build.0 = Debug|Any CPU
		{D6EE03E1-7681-4D38-8034-0ED248DF76AC}.Ad-Hoc|iPhone.ActiveCfg = Debug|Any CPU
		{D6EE03E1-7681-4D38-8034-0ED248DF76AC}.Ad-Hoc|iPhone.Build.0 = Debug|Any CPU
		{D6EE03E1-7681-4D38-8034-0ED248DF76AC}.Ad-Hoc|iPhoneSimulator.ActiveCfg = Debug|Any CPU
		{D6EE03E1-7681-4D38-8034-0ED248DF76AC}.Ad-Hoc|iPhoneSimulator.Build.0 = Debug|Any CPU
		{D6EE03E1-7681-4D38-8034-0ED248DF76AC}.Ad-Hoc|x64.ActiveCfg = Debug|Any CPU
		{D6EE03E1-7681-4D38-8034-0ED248DF76AC}.Ad-Hoc|x64.Build.0 = Debug|Any CPU
		{D6EE03E1-7681-4D38-8034-0ED248DF76AC}.Ad-Hoc|x86.ActiveCfg = Debug|Any CPU
		{D6EE03E1-7681-4D38-8034-0ED248DF76AC}.Ad-Hoc|x86.Build.0 = Debug|Any CPU
		{D6EE03E1-7681-4D38-8034-0ED248DF76AC}.AppStore|Any CPU.ActiveCfg = Debug|Any CPU
		{D6EE03E1-7681-4D38-8034-0ED248DF76AC}.AppStore|Any CPU.Build.0 = Debug|Any CPU
		{D6EE03E1-7681-4D38-8034-0ED248DF76AC}.AppStore|ARM.ActiveCfg = Debug|Any CPU
		{D6EE03E1-7681-4D38-8034-0ED248DF76AC}.AppStore|ARM.Build.0 = Debug|Any CPU
		{D6EE03E1-7681-4D38-8034-0ED248DF76AC}.AppStore|iPhone.ActiveCfg = Debug|Any CPU
		{D6EE03E1-7681-4D38-8034-0ED248DF76AC}.AppStore|iPhone.Build.0 = Debug|Any CPU
		{D6EE03E1-7681-4D38-8034-0ED248DF76AC}.AppStore|iPhoneSimulator.ActiveCfg = Debug|Any CPU
		{D6EE03E1-7681-4D38-8034-0ED248DF76AC}.AppStore|iPhoneSimulator.Build.0 = Debug|Any CPU
		{D6EE03E1-7681-4D38-8034-0ED248DF76AC}.AppStore|x64.ActiveCfg = Debug|Any CPU
		{D6EE03E1-7681-4D38-8034-0ED248DF76AC}.AppStore|x64.Build.0 = Debug|Any CPU
		{D6EE03E1-7681-4D38-8034-0ED248DF76AC}.AppStore|x86.ActiveCfg = Debug|Any CPU
		{D6EE03E1-7681-4D38-8034-0ED248DF76AC}.AppStore|x86.Build.0 = Debug|Any CPU
		{D6EE03E1-7681-4D38-8034-0ED248DF76AC}.Debug|Any CPU.ActiveCfg = Debug|Any CPU
		{D6EE03E1-7681-4D38-8034-0ED248DF76AC}.Debug|Any CPU.Build.0 = Debug|Any CPU
		{D6EE03E1-7681-4D38-8034-0ED248DF76AC}.Debug|ARM.ActiveCfg = Debug|Any CPU
		{D6EE03E1-7681-4D38-8034-0ED248DF76AC}.Debug|ARM.Build.0 = Debug|Any CPU
		{D6EE03E1-7681-4D38-8034-0ED248DF76AC}.Debug|iPhone.ActiveCfg = Debug|Any CPU
		{D6EE03E1-7681-4D38-8034-0ED248DF76AC}.Debug|iPhone.Build.0 = Debug|Any CPU
		{D6EE03E1-7681-4D38-8034-0ED248DF76AC}.Debug|iPhoneSimulator.ActiveCfg = Debug|Any CPU
		{D6EE03E1-7681-4D38-8034-0ED248DF76AC}.Debug|iPhoneSimulator.Build.0 = Debug|Any CPU
		{D6EE03E1-7681-4D38-8034-0ED248DF76AC}.Debug|x64.ActiveCfg = Debug|Any CPU
		{D6EE03E1-7681-4D38-8034-0ED248DF76AC}.Debug|x64.Build.0 = Debug|Any CPU
		{D6EE03E1-7681-4D38-8034-0ED248DF76AC}.Debug|x86.ActiveCfg = Debug|Any CPU
		{D6EE03E1-7681-4D38-8034-0ED248DF76AC}.Debug|x86.Build.0 = Debug|Any CPU
		{D6EE03E1-7681-4D38-8034-0ED248DF76AC}.Release|Any CPU.ActiveCfg = Release|Any CPU
		{D6EE03E1-7681-4D38-8034-0ED248DF76AC}.Release|Any CPU.Build.0 = Release|Any CPU
		{D6EE03E1-7681-4D38-8034-0ED248DF76AC}.Release|ARM.ActiveCfg = Release|Any CPU
		{D6EE03E1-7681-4D38-8034-0ED248DF76AC}.Release|ARM.Build.0 = Release|Any CPU
		{D6EE03E1-7681-4D38-8034-0ED248DF76AC}.Release|iPhone.ActiveCfg = Release|Any CPU
		{D6EE03E1-7681-4D38-8034-0ED248DF76AC}.Release|iPhone.Build.0 = Release|Any CPU
		{D6EE03E1-7681-4D38-8034-0ED248DF76AC}.Release|iPhoneSimulator.ActiveCfg = Release|Any CPU
		{D6EE03E1-7681-4D38-8034-0ED248DF76AC}.Release|iPhoneSimulator.Build.0 = Release|Any CPU
		{D6EE03E1-7681-4D38-8034-0ED248DF76AC}.Release|x64.ActiveCfg = Release|Any CPU
		{D6EE03E1-7681-4D38-8034-0ED248DF76AC}.Release|x64.Build.0 = Release|Any CPU
		{D6EE03E1-7681-4D38-8034-0ED248DF76AC}.Release|x86.ActiveCfg = Release|Any CPU
		{D6EE03E1-7681-4D38-8034-0ED248DF76AC}.Release|x86.Build.0 = Release|Any CPU
	EndGlobalSection
	GlobalSection(SolutionProperties) = preSolution
		HideSolutionNode = FALSE
	EndGlobalSection
	GlobalSection(ExtensibilityGlobals) = postSolution
		SolutionGuid = {A96725EF-FD62-4921-ABDA-0A5BDB7EC9E2}
	EndGlobalSection
	GlobalSection(MonoDevelopProperties) = preSolution
		Policies = $0
		$0.DotNetNamingPolicy = $1
		$1.DirectoryNamespaceAssociation = PrefixedHierarchical
		$0.StandardHeader = $2
	EndGlobalSection
EndGlobal
